
Microsoft Visual Studio Solution File, Format Version 12.00
# Visual Studio Version 17
VisualStudioVersion = 17.13.35825.156 d17.13
MinimumVisualStudioVersion = 10.0.40219.1
Project("{FAE04EC0-301F-11D3-BF4B-00C04F79EFBC}") = "Practice1", "Practice1\Practice1.csproj", "{27FF27E3-060D-4A86-8F16-FB75C1686312}"
EndProject
Global
	GlobalSection(SolutionConfigurationPlatforms) = preSolution
		Debug|Any CPU = Debug|Any CPU
		Release|Any CPU = Release|Any CPU
	EndGlobalSection
	GlobalSection(ProjectConfigurationPlatforms) = postSolution
		{27FF27E3-060D-4A86-8F16-FB75C1686312}.Debug|Any CPU.ActiveCfg = Debug|Any CPU
		{27FF27E3-060D-4A86-8F16-FB75C1686312}.Debug|Any CPU.Build.0 = Debug|Any CPU
		{27FF27E3-060D-4A86-8F16-FB75C1686312}.Release|Any CPU.ActiveCfg = Release|Any CPU
		{27FF27E3-060D-4A86-8F16-FB75C1686312}.Release|Any CPU.Build.0 = Release|Any CPU
	EndGlobalSection
	GlobalSection(SolutionProperties) = preSolution
		HideSolutionNode = FALSE
	EndGlobalSection
	GlobalSection(ExtensibilityGlobals) = postSolution
		SolutionGuid = {063D2D1E-0F34-493D-903B-A8E860DA0AB6}
	EndGlobalSection
EndGlobal
